// !$*UTF8*$!
{
	archiveVersion = 1;
	classes = {
	};
	objectVersion = 46;
	objects = {

/* Begin PBXBuildFile section */
		2F43B78EE4145B5FB3007077 /* Pods_TodayNews.framework in Frameworks */ = {isa = PBXBuildFile; fileRef = 45EC99D930954B5CD79F8A88 /* Pods_TodayNews.framework */; };
		BC1115861EDE6471009E2E0E /* YTHomeTopicCell.swift in Sources */ = {isa = PBXBuildFile; fileRef = BC1115851EDE6471009E2E0E /* YTHomeTopicCell.swift */; };
		BC1115881EDE7188009E2E0E /* YTHomeSmallCell.swift in Sources */ = {isa = PBXBuildFile; fileRef = BC1115871EDE7188009E2E0E /* YTHomeSmallCell.swift */; };
		BC11158A1EDE7DEC009E2E0E /* YTHomeMiddleCell.swift in Sources */ = {isa = PBXBuildFile; fileRef = BC1115891EDE7DEC009E2E0E /* YTHomeMiddleCell.swift */; };
		BC11158C1EDE997E009E2E0E /* YTHomeLargeCell.swift in Sources */ = {isa = PBXBuildFile; fileRef = BC11158B1EDE997E009E2E0E /* YTHomeLargeCell.swift */; };
		BC11158E1EDEA249009E2E0E /* YTHomeNoImageCell.swift in Sources */ = {isa = PBXBuildFile; fileRef = BC11158D1EDEA249009E2E0E /* YTHomeNoImageCell.swift */; };
		BC1115B31EE0FFBC009E2E0E /* YTPhotoPresentController.swift in Sources */ = {isa = PBXBuildFile; fileRef = BC1115B21EE0FFBC009E2E0E /* YTPhotoPresentController.swift */; };
		BCF3B1631ED80F43003B6776 /* AppDelegate.swift in Sources */ = {isa = PBXBuildFile; fileRef = BCF3B1621ED80F43003B6776 /* AppDelegate.swift */; };
		BCF3B1801ED81429003B6776 /* Assets.xcassets in Resources */ = {isa = PBXBuildFile; fileRef = BCF3B17E1ED81429003B6776 /* Assets.xcassets */; };
		BCF3B1831ED81976003B6776 /* Info.plist in Resources */ = {isa = PBXBuildFile; fileRef = BCF3B1821ED81976003B6776 /* Info.plist */; };
		BCF3B1851ED81A0E003B6776 /* YTBaseController.swift in Sources */ = {isa = PBXBuildFile; fileRef = BCF3B1841ED81A0E003B6776 /* YTBaseController.swift */; };
		BCF3B1871ED81A3F003B6776 /* YTBaseNavController.swift in Sources */ = {isa = PBXBuildFile; fileRef = BCF3B1861ED81A3F003B6776 /* YTBaseNavController.swift */; };
		BCF3B1891ED81A5E003B6776 /* YTBaseTabBarController.swift in Sources */ = {isa = PBXBuildFile; fileRef = BCF3B1881ED81A5E003B6776 /* YTBaseTabBarController.swift */; };
		BCF3B18D1ED81F94003B6776 /* YTVideoController.swift in Sources */ = {isa = PBXBuildFile; fileRef = BCF3B18C1ED81F94003B6776 /* YTVideoController.swift */; };
		BCF3B18F1ED81FA6003B6776 /* YTMineController.swift in Sources */ = {isa = PBXBuildFile; fileRef = BCF3B18E1ED81FA6003B6776 /* YTMineController.swift */; };
		BCF3B1921ED82045003B6776 /* YTFollowController.swift in Sources */ = {isa = PBXBuildFile; fileRef = BCF3B1911ED82045003B6776 /* YTFollowController.swift */; };
		BCF3B1AD1ED86354003B6776 /* NSString+Extension.swift in Sources */ = {isa = PBXBuildFile; fileRef = BCF3B1A61ED86354003B6776 /* NSString+Extension.swift */; };
		BCF3B1AE1ED86354003B6776 /* UIImage+Extendion.swift in Sources */ = {isa = PBXBuildFile; fileRef = BCF3B1A71ED86354003B6776 /* UIImage+Extendion.swift */; };
		BCF3B1AF1ED86354003B6776 /* UIImageView+Extension.swift in Sources */ = {isa = PBXBuildFile; fileRef = BCF3B1A81ED86354003B6776 /* UIImageView+Extension.swift */; };
		BCF3B1B01ED86354003B6776 /* UITableView+Extension.swift in Sources */ = {isa = PBXBuildFile; fileRef = BCF3B1A91ED86354003B6776 /* UITableView+Extension.swift */; };
		BCF3B1B11ED86354003B6776 /* UIView+Extension.swift in Sources */ = {isa = PBXBuildFile; fileRef = BCF3B1AA1ED86354003B6776 /* UIView+Extension.swift */; };
		BCF3B1B21ED86354003B6776 /* YTConstant.swift in Sources */ = {isa = PBXBuildFile; fileRef = BCF3B1AB1ED86354003B6776 /* YTConstant.swift */; };
		BCF3B1B31ED86354003B6776 /* YTNetworkService.swift in Sources */ = {isa = PBXBuildFile; fileRef = BCF3B1AC1ED86354003B6776 /* YTNetworkService.swift */; };
		BCF3B1BF1ED9316F003B6776 /* YTHomeController.swift in Sources */ = {isa = PBXBuildFile; fileRef = BCF3B1B91ED9316F003B6776 /* YTHomeController.swift */; };
		BCF3B1C01ED9316F003B6776 /* YTBaseModel.swift in Sources */ = {isa = PBXBuildFile; fileRef = BCF3B1BB1ED9316F003B6776 /* YTBaseModel.swift */; };
		BCF3B1C11ED9316F003B6776 /* YTHomeCategoryTitles.swift in Sources */ = {isa = PBXBuildFile; fileRef = BCF3B1BC1ED9316F003B6776 /* YTHomeCategoryTitles.swift */; };
		BCF3B1C21ED9316F003B6776 /* YTNewsTopic.swift in Sources */ = {isa = PBXBuildFile; fileRef = BCF3B1BD1ED9316F003B6776 /* YTNewsTopic.swift */; };
		BCF3B1C41ED9318D003B6776 /* YTScrollTitleView.swift in Sources */ = {isa = PBXBuildFile; fileRef = BCF3B1C31ED9318D003B6776 /* YTScrollTitleView.swift */; };
		BCF3B1C61ED95FC0003B6776 /* YTHomeTopicController.swift in Sources */ = {isa = PBXBuildFile; fileRef = BCF3B1C51ED95FC0003B6776 /* YTHomeTopicController.swift */; };
		BCF3B1C81ED963F6003B6776 /* YTAddTopicController.swift in Sources */ = {isa = PBXBuildFile; fileRef = BCF3B1C71ED963F6003B6776 /* YTAddTopicController.swift */; };
		BCF3B1CA1ED96660003B6776 /* YTTipView.swift in Sources */ = {isa = PBXBuildFile; fileRef = BCF3B1C91ED96660003B6776 /* YTTipView.swift */; };
/* End PBXBuildFile section */

/* Begin PBXFileReference section */
		45EC99D930954B5CD79F8A88 /* Pods_TodayNews.framework */ = {isa = PBXFileReference; explicitFileType = wrapper.framework; includeInIndex = 0; path = Pods_TodayNews.framework; sourceTree = BUILT_PRODUCTS_DIR; };
		7AF574965AC47CE454C2310A /* Pods-TodayNews.debug.xcconfig */ = {isa = PBXFileReference; includeInIndex = 1; lastKnownFileType = text.xcconfig; name = "Pods-TodayNews.debug.xcconfig"; path = "Pods/Target Support Files/Pods-TodayNews/Pods-TodayNews.debug.xcconfig"; sourceTree = "<group>"; };
		7B0C15DF312DDAB0C68F1E97 /* Pods-TodayNews.release.xcconfig */ = {isa = PBXFileReference; includeInIndex = 1; lastKnownFileType = text.xcconfig; name = "Pods-TodayNews.release.xcconfig"; path = "Pods/Target Support Files/Pods-TodayNews/Pods-TodayNews.release.xcconfig"; sourceTree = "<group>"; };
		BC1115851EDE6471009E2E0E /* YTHomeTopicCell.swift */ = {isa = PBXFileReference; fileEncoding = 4; lastKnownFileType = sourcecode.swift; path = YTHomeTopicCell.swift; sourceTree = "<group>"; };
		BC1115871EDE7188009E2E0E /* YTHomeSmallCell.swift */ = {isa = PBXFileReference; fileEncoding = 4; lastKnownFileType = sourcecode.swift; path = YTHomeSmallCell.swift; sourceTree = "<group>"; };
		BC1115891EDE7DEC009E2E0E /* YTHomeMiddleCell.swift */ = {isa = PBXFileReference; fileEncoding = 4; lastKnownFileType = sourcecode.swift; path = YTHomeMiddleCell.swift; sourceTree = "<group>"; };
		BC11158B1EDE997E009E2E0E /* YTHomeLargeCell.swift */ = {isa = PBXFileReference; fileEncoding = 4; lastKnownFileType = sourcecode.swift; path = YTHomeLargeCell.swift; sourceTree = "<group>"; };
		BC11158D1EDEA249009E2E0E /* YTHomeNoImageCell.swift */ = {isa = PBXFileReference; fileEncoding = 4; lastKnownFileType = sourcecode.swift; path = YTHomeNoImageCell.swift; sourceTree = "<group>"; };
		BC1115B21EE0FFBC009E2E0E /* YTPhotoPresentController.swift */ = {isa = PBXFileReference; fileEncoding = 4; lastKnownFileType = sourcecode.swift; path = YTPhotoPresentController.swift; sourceTree = "<group>"; };
		BCF3B15F1ED80F43003B6776 /* TodayNews.app */ = {isa = PBXFileReference; explicitFileType = wrapper.application; includeInIndex = 0; path = TodayNews.app; sourceTree = BUILT_PRODUCTS_DIR; };
		BCF3B1621ED80F43003B6776 /* AppDelegate.swift */ = {isa = PBXFileReference; lastKnownFileType = sourcecode.swift; path = AppDelegate.swift; sourceTree = "<group>"; };
		BCF3B17E1ED81429003B6776 /* Assets.xcassets */ = {isa = PBXFileReference; lastKnownFileType = folder.assetcatalog; path = Assets.xcassets; sourceTree = "<group>"; };
		BCF3B1821ED81976003B6776 /* Info.plist */ = {isa = PBXFileReference; fileEncoding = 4; lastKnownFileType = text.plist.xml; path = Info.plist; sourceTree = "<group>"; };
		BCF3B1841ED81A0E003B6776 /* YTBaseController.swift */ = {isa = PBXFileReference; fileEncoding = 4; lastKnownFileType = sourcecode.swift; path = YTBaseController.swift; sourceTree = "<group>"; };
		BCF3B1861ED81A3F003B6776 /* YTBaseNavController.swift */ = {isa = PBXFileReference; fileEncoding = 4; lastKnownFileType = sourcecode.swift; path = YTBaseNavController.swift; sourceTree = "<group>"; };
		BCF3B1881ED81A5E003B6776 /* YTBaseTabBarController.swift */ = {isa = PBXFileReference; fileEncoding = 4; lastKnownFileType = sourcecode.swift; path = YTBaseTabBarController.swift; sourceTree = "<group>"; };
		BCF3B18C1ED81F94003B6776 /* YTVideoController.swift */ = {isa = PBXFileReference; fileEncoding = 4; lastKnownFileType = sourcecode.swift; path = YTVideoController.swift; sourceTree = "<group>"; };
		BCF3B18E1ED81FA6003B6776 /* YTMineController.swift */ = {isa = PBXFileReference; fileEncoding = 4; lastKnownFileType = sourcecode.swift; path = YTMineController.swift; sourceTree = "<group>"; };
		BCF3B1911ED82045003B6776 /* YTFollowController.swift */ = {isa = PBXFileReference; fileEncoding = 4; lastKnownFileType = sourcecode.swift; path = YTFollowController.swift; sourceTree = "<group>"; };
		BCF3B1A61ED86354003B6776 /* NSString+Extension.swift */ = {isa = PBXFileReference; fileEncoding = 4; lastKnownFileType = sourcecode.swift; path = "NSString+Extension.swift"; sourceTree = "<group>"; };
		BCF3B1A71ED86354003B6776 /* UIImage+Extendion.swift */ = {isa = PBXFileReference; fileEncoding = 4; lastKnownFileType = sourcecode.swift; path = "UIImage+Extendion.swift"; sourceTree = "<group>"; };
		BCF3B1A81ED86354003B6776 /* UIImageView+Extension.swift */ = {isa = PBXFileReference; fileEncoding = 4; lastKnownFileType = sourcecode.swift; path = "UIImageView+Extension.swift"; sourceTree = "<group>"; };
		BCF3B1A91ED86354003B6776 /* UITableView+Extension.swift */ = {isa = PBXFileReference; fileEncoding = 4; lastKnownFileType = sourcecode.swift; path = "UITableView+Extension.swift"; sourceTree = "<group>"; };
		BCF3B1AA1ED86354003B6776 /* UIView+Extension.swift */ = {isa = PBXFileReference; fileEncoding = 4; lastKnownFileType = sourcecode.swift; path = "UIView+Extension.swift"; sourceTree = "<group>"; };
		BCF3B1AB1ED86354003B6776 /* YTConstant.swift */ = {isa = PBXFileReference; fileEncoding = 4; lastKnownFileType = sourcecode.swift; path = YTConstant.swift; sourceTree = "<group>"; };
		BCF3B1AC1ED86354003B6776 /* YTNetworkService.swift */ = {isa = PBXFileReference; fileEncoding = 4; lastKnownFileType = sourcecode.swift; path = YTNetworkService.swift; sourceTree = "<group>"; };
		BCF3B1B91ED9316F003B6776 /* YTHomeController.swift */ = {isa = PBXFileReference; fileEncoding = 4; lastKnownFileType = sourcecode.swift; path = YTHomeController.swift; sourceTree = "<group>"; };
		BCF3B1BB1ED9316F003B6776 /* YTBaseModel.swift */ = {isa = PBXFileReference; fileEncoding = 4; lastKnownFileType = sourcecode.swift; path = YTBaseModel.swift; sourceTree = "<group>"; };
		BCF3B1BC1ED9316F003B6776 /* YTHomeCategoryTitles.swift */ = {isa = PBXFileReference; fileEncoding = 4; lastKnownFileType = sourcecode.swift; path = YTHomeCategoryTitles.swift; sourceTree = "<group>"; };
		BCF3B1BD1ED9316F003B6776 /* YTNewsTopic.swift */ = {isa = PBXFileReference; fileEncoding = 4; lastKnownFileType = sourcecode.swift; path = YTNewsTopic.swift; sourceTree = "<group>"; };
		BCF3B1C31ED9318D003B6776 /* YTScrollTitleView.swift */ = {isa = PBXFileReference; fileEncoding = 4; lastKnownFileType = sourcecode.swift; path = YTScrollTitleView.swift; sourceTree = "<group>"; };
		BCF3B1C51ED95FC0003B6776 /* YTHomeTopicController.swift */ = {isa = PBXFileReference; fileEncoding = 4; lastKnownFileType = sourcecode.swift; path = YTHomeTopicController.swift; sourceTree = "<group>"; };
		BCF3B1C71ED963F6003B6776 /* YTAddTopicController.swift */ = {isa = PBXFileReference; fileEncoding = 4; lastKnownFileType = sourcecode.swift; path = YTAddTopicController.swift; sourceTree = "<group>"; };
		BCF3B1C91ED96660003B6776 /* YTTipView.swift */ = {isa = PBXFileReference; fileEncoding = 4; lastKnownFileType = sourcecode.swift; path = YTTipView.swift; sourceTree = "<group>"; };
/* End PBXFileReference section */

/* Begin PBXFrameworksBuildPhase section */
		BCF3B15C1ED80F43003B6776 /* Frameworks */ = {
			isa = PBXFrameworksBuildPhase;
			buildActionMask = 2147483647;
			files = (
				2F43B78EE4145B5FB3007077 /* Pods_TodayNews.framework in Frameworks */,
			);
			runOnlyForDeploymentPostprocessing = 0;
		};
/* End PBXFrameworksBuildPhase section */

/* Begin PBXGroup section */
		3141B85702E522FB603E06DB /* Frameworks */ = {
			isa = PBXGroup;
			children = (
				45EC99D930954B5CD79F8A88 /* Pods_TodayNews.framework */,
			);
			name = Frameworks;
			sourceTree = "<group>";
		};
		BCF3B1561ED80F43003B6776 = {
			isa = PBXGroup;
			children = (
				BCF3B1611ED80F43003B6776 /* TodayNews */,
				BCF3B1601ED80F43003B6776 /* Products */,
				E3A202639B8D528D0794D3B8 /* Pods */,
				3141B85702E522FB603E06DB /* Frameworks */,
			);
			sourceTree = "<group>";
		};
		BCF3B1601ED80F43003B6776 /* Products */ = {
			isa = PBXGroup;
			children = (
				BCF3B15F1ED80F43003B6776 /* TodayNews.app */,
			);
			name = Products;
			sourceTree = "<group>";
		};
		BCF3B1611ED80F43003B6776 /* TodayNews */ = {
			isa = PBXGroup;
			children = (
				BCF3B1751ED810A9003B6776 /* src */,
				BCF3B1741ED810A9003B6776 /* other */,
				BCF3B1761ED810C5003B6776 /* config */,
				BCF3B1621ED80F43003B6776 /* AppDelegate.swift */,
				BCF3B1821ED81976003B6776 /* Info.plist */,
			);
			path = TodayNews;
			sourceTree = "<group>";
		};
		BCF3B1741ED810A9003B6776 /* other */ = {
			isa = PBXGroup;
			children = (
			);
			path = other;
			sourceTree = "<group>";
		};
		BCF3B1751ED810A9003B6776 /* src */ = {
			isa = PBXGroup;
			children = (
				BCF3B1A41ED86354003B6776 /* utils */,
				BCF3B1791ED813C1003B6776 /* Home */,
				BCF3B17D1ED813C1003B6776 /* Video */,
				BCF3B1901ED82025003B6776 /* Follow */,
				BCF3B17B1ED813C1003B6776 /* Mine */,
				BCF3B1771ED813C1003B6776 /* base */,
				BCF3B17A1ED813C1003B6776 /* Login-Register */,
			);
			path = src;
			sourceTree = "<group>";
		};
		BCF3B1761ED810C5003B6776 /* config */ = {
			isa = PBXGroup;
			children = (
				BCF3B17E1ED81429003B6776 /* Assets.xcassets */,
			);
			path = config;
			sourceTree = "<group>";
		};
		BCF3B1771ED813C1003B6776 /* base */ = {
			isa = PBXGroup;
			children = (
				BCF3B1841ED81A0E003B6776 /* YTBaseController.swift */,
				BCF3B1861ED81A3F003B6776 /* YTBaseNavController.swift */,
				BCF3B1881ED81A5E003B6776 /* YTBaseTabBarController.swift */,
			);
			path = base;
			sourceTree = "<group>";
		};
		BCF3B1791ED813C1003B6776 /* Home */ = {
			isa = PBXGroup;
			children = (
				BCF3B1B81ED9316F003B6776 /* controller */,
				BCF3B1BA1ED9316F003B6776 /* model */,
				BCF3B1BE1ED9316F003B6776 /* view */,
			);
			path = Home;
			sourceTree = "<group>";
		};
		BCF3B17A1ED813C1003B6776 /* Login-Register */ = {
			isa = PBXGroup;
			children = (
			);
			path = "Login-Register";
			sourceTree = "<group>";
		};
		BCF3B17B1ED813C1003B6776 /* Mine */ = {
			isa = PBXGroup;
			children = (
				BCF3B18E1ED81FA6003B6776 /* YTMineController.swift */,
			);
			path = Mine;
			sourceTree = "<group>";
		};
		BCF3B17D1ED813C1003B6776 /* Video */ = {
			isa = PBXGroup;
			children = (
				BCF3B18C1ED81F94003B6776 /* YTVideoController.swift */,
			);
			path = Video;
			sourceTree = "<group>";
		};
		BCF3B1901ED82025003B6776 /* Follow */ = {
			isa = PBXGroup;
			children = (
				BCF3B1911ED82045003B6776 /* YTFollowController.swift */,
			);
			path = Follow;
			sourceTree = "<group>";
		};
		BCF3B1A41ED86354003B6776 /* utils */ = {
			isa = PBXGroup;
			children = (
				BCF3B1A51ED86354003B6776 /* catagory */,
				BCF3B1AB1ED86354003B6776 /* YTConstant.swift */,
				BCF3B1AC1ED86354003B6776 /* YTNetworkService.swift */,
			);
			path = utils;
			sourceTree = "<group>";
		};
		BCF3B1A51ED86354003B6776 /* catagory */ = {
			isa = PBXGroup;
			children = (
				BCF3B1A61ED86354003B6776 /* NSString+Extension.swift */,
				BCF3B1A71ED86354003B6776 /* UIImage+Extendion.swift */,
				BCF3B1A81ED86354003B6776 /* UIImageView+Extension.swift */,
				BCF3B1A91ED86354003B6776 /* UITableView+Extension.swift */,
				BCF3B1AA1ED86354003B6776 /* UIView+Extension.swift */,
			);
			path = catagory;
			sourceTree = "<group>";
		};
		BCF3B1B81ED9316F003B6776 /* controller */ = {
			isa = PBXGroup;
			children = (
				BCF3B1B91ED9316F003B6776 /* YTHomeController.swift */,
				BCF3B1C51ED95FC0003B6776 /* YTHomeTopicController.swift */,
				BCF3B1C71ED963F6003B6776 /* YTAddTopicController.swift */,
				BC1115B21EE0FFBC009E2E0E /* YTPhotoPresentController.swift */,
			);
			path = controller;
			sourceTree = "<group>";
		};
		BCF3B1BA1ED9316F003B6776 /* model */ = {
			isa = PBXGroup;
			children = (
				BCF3B1BB1ED9316F003B6776 /* YTBaseModel.swift */,
				BCF3B1BC1ED9316F003B6776 /* YTHomeCategoryTitles.swift */,
				BCF3B1BD1ED9316F003B6776 /* YTNewsTopic.swift */,
			);
			path = model;
			sourceTree = "<group>";
		};
		BCF3B1BE1ED9316F003B6776 /* view */ = {
			isa = PBXGroup;
			children = (
				BCF3B1C31ED9318D003B6776 /* YTScrollTitleView.swift */,
				BCF3B1C91ED96660003B6776 /* YTTipView.swift */,
				BC1115851EDE6471009E2E0E /* YTHomeTopicCell.swift */,
				BC1115871EDE7188009E2E0E /* YTHomeSmallCell.swift */,
				BC1115891EDE7DEC009E2E0E /* YTHomeMiddleCell.swift */,
				BC11158B1EDE997E009E2E0E /* YTHomeLargeCell.swift */,
				BC11158D1EDEA249009E2E0E /* YTHomeNoImageCell.swift */,
			);
			path = view;
			sourceTree = "<group>";
		};
		E3A202639B8D528D0794D3B8 /* Pods */ = {
			isa = PBXGroup;
			children = (
				7AF574965AC47CE454C2310A /* Pods-TodayNews.debug.xcconfig */,
				7B0C15DF312DDAB0C68F1E97 /* Pods-TodayNews.release.xcconfig */,
			);
			name = Pods;
			sourceTree = "<group>";
		};
/* End PBXGroup section */

/* Begin PBXNativeTarget section */
		BCF3B15E1ED80F43003B6776 /* TodayNews */ = {
			isa = PBXNativeTarget;
			buildConfigurationList = BCF3B1711ED80F43003B6776 /* Build configuration list for PBXNativeTarget "TodayNews" */;
			buildPhases = (
				04E5765D94EF189B6D78FA44 /* [CP] Check Pods Manifest.lock */,
				BCF3B15B1ED80F43003B6776 /* Sources */,
				BCF3B15C1ED80F43003B6776 /* Frameworks */,
				BCF3B15D1ED80F43003B6776 /* Resources */,
				0C9B03F1C5A9FC49371F7C0D /* [CP] Embed Pods Frameworks */,
				9E62D8FE098D0505BD0A2946 /* [CP] Copy Pods Resources */,
			);
			buildRules = (
			);
			dependencies = (
			);
			name = TodayNews;
			productName = TodayNews;
			productReference = BCF3B15F1ED80F43003B6776 /* TodayNews.app */;
			productType = "com.apple.product-type.application";
		};
/* End PBXNativeTarget section */

/* Begin PBXProject section */
		BCF3B1571ED80F43003B6776 /* Project object */ = {
			isa = PBXProject;
			attributes = {
				CLASSPREFIX = YT;
				LastSwiftUpdateCheck = 0830;
				LastUpgradeCheck = 0830;
				ORGANIZATIONNAME = yangxutao;
				TargetAttributes = {
					BCF3B15E1ED80F43003B6776 = {
						CreatedOnToolsVersion = 8.3.2;
						DevelopmentTeam = 9FA65VMFDP;
						ProvisioningStyle = Automatic;
					};
				};
			};
			buildConfigurationList = BCF3B15A1ED80F43003B6776 /* Build configuration list for PBXProject "TodayNews" */;
			compatibilityVersion = "Xcode 3.2";
			developmentRegion = English;
			hasScannedForEncodings = 0;
			knownRegions = (
				en,
				Base,
			);
			mainGroup = BCF3B1561ED80F43003B6776;
			productRefGroup = BCF3B1601ED80F43003B6776 /* Products */;
			projectDirPath = "";
			projectRoot = "";
			targets = (
				BCF3B15E1ED80F43003B6776 /* TodayNews */,
			);
		};
/* End PBXProject section */

/* Begin PBXResourcesBuildPhase section */
		BCF3B15D1ED80F43003B6776 /* Resources */ = {
			isa = PBXResourcesBuildPhase;
			buildActionMask = 2147483647;
			files = (
				BCF3B1831ED81976003B6776 /* Info.plist in Resources */,
				BCF3B1801ED81429003B6776 /* Assets.xcassets in Resources */,
			);
			runOnlyForDeploymentPostprocessing = 0;
		};
/* End PBXResourcesBuildPhase section */

/* Begin PBXShellScriptBuildPhase section */
		04E5765D94EF189B6D78FA44 /* [CP] Check Pods Manifest.lock */ = {
			isa = PBXShellScriptBuildPhase;
			buildActionMask = 2147483647;
			files = (
			);
			inputPaths = (
			);
			name = "[CP] Check Pods Manifest.lock";
			outputPaths = (
			);
			runOnlyForDeploymentPostprocessing = 0;
			shellPath = /bin/sh;
			shellScript = "diff \"${PODS_ROOT}/../Podfile.lock\" \"${PODS_ROOT}/Manifest.lock\" > /dev/null\nif [ $? != 0 ] ; then\n    # print error to STDERR\n    echo \"error: The sandbox is not in sync with the Podfile.lock. Run 'pod install' or update your CocoaPods installation.\" >&2\n    exit 1\nfi\n";
			showEnvVarsInLog = 0;
		};
		0C9B03F1C5A9FC49371F7C0D /* [CP] Embed Pods Frameworks */ = {
			isa = PBXShellScriptBuildPhase;
			buildActionMask = 2147483647;
			files = (
			);
			inputPaths = (
			);
			name = "[CP] Embed Pods Frameworks";
			outputPaths = (
			);
			runOnlyForDeploymentPostprocessing = 0;
			shellPath = /bin/sh;
			shellScript = "\"${SRCROOT}/Pods/Target Support Files/Pods-TodayNews/Pods-TodayNews-frameworks.sh\"\n";
			showEnvVarsInLog = 0;
		};
		9E62D8FE098D0505BD0A2946 /* [CP] Copy Pods Resources */ = {
			isa = PBXShellScriptBuildPhase;
			buildActionMask = 2147483647;
			files = (
			);
			inputPaths = (
			);
			name = "[CP] Copy Pods Resources";
			outputPaths = (
			);
			runOnlyForDeploymentPostprocessing = 0;
			shellPath = /bin/sh;
			shellScript = "\"${SRCROOT}/Pods/Target Support Files/Pods-TodayNews/Pods-TodayNews-resources.sh\"\n";
			showEnvVarsInLog = 0;
		};
/* End PBXShellScriptBuildPhase section */

/* Begin PBXSourcesBuildPhase section */
		BCF3B15B1ED80F43003B6776 /* Sources */ = {
			isa = PBXSourcesBuildPhase;
			buildActionMask = 2147483647;
			files = (
				BCF3B1631ED80F43003B6776 /* AppDelegate.swift in Sources */,
				BCF3B1AE1ED86354003B6776 /* UIImage+Extendion.swift in Sources */,
				BCF3B1AD1ED86354003B6776 /* NSString+Extension.swift in Sources */,
				BCF3B1C61ED95FC0003B6776 /* YTHomeTopicController.swift in Sources */,
				BCF3B1C01ED9316F003B6776 /* YTBaseModel.swift in Sources */,
				BCF3B1BF1ED9316F003B6776 /* YTHomeController.swift in Sources */,
				BCF3B1C21ED9316F003B6776 /* YTNewsTopic.swift in Sources */,
				BCF3B1871ED81A3F003B6776 /* YTBaseNavController.swift in Sources */,
				BCF3B1B21ED86354003B6776 /* YTConstant.swift in Sources */,
				BC11158C1EDE997E009E2E0E /* YTHomeLargeCell.swift in Sources */,
				BCF3B18F1ED81FA6003B6776 /* YTMineController.swift in Sources */,
				BC11158E1EDEA249009E2E0E /* YTHomeNoImageCell.swift in Sources */,
				BCF3B1AF1ED86354003B6776 /* UIImageView+Extension.swift in Sources */,
				BC11158A1EDE7DEC009E2E0E /* YTHomeMiddleCell.swift in Sources */,
				BCF3B18D1ED81F94003B6776 /* YTVideoController.swift in Sources */,
				BCF3B1C81ED963F6003B6776 /* YTAddTopicController.swift in Sources */,
				BCF3B1B31ED86354003B6776 /* YTNetworkService.swift in Sources */,
				BCF3B1C41ED9318D003B6776 /* YTScrollTitleView.swift in Sources */,
				BCF3B1B11ED86354003B6776 /* UIView+Extension.swift in Sources */,
				BCF3B1C11ED9316F003B6776 /* YTHomeCategoryTitles.swift in Sources */,
				BCF3B1CA1ED96660003B6776 /* YTTipView.swift in Sources */,
				BC1115B31EE0FFBC009E2E0E /* YTPhotoPresentController.swift in Sources */,
				BCF3B1851ED81A0E003B6776 /* YTBaseController.swift in Sources */,
				BCF3B1891ED81A5E003B6776 /* YTBaseTabBarController.swift in Sources */,
				BCF3B1921ED82045003B6776 /* YTFollowController.swift in Sources */,
				BCF3B1B01ED86354003B6776 /* UITableView+Extension.swift in Sources */,
				BC1115861EDE6471009E2E0E /* YTHomeTopicCell.swift in Sources */,
				BC1115881EDE7188009E2E0E /* YTHomeSmallCell.swift in Sources */,
			);
			runOnlyForDeploymentPostprocessing = 0;
		};
/* End PBXSourcesBuildPhase section */

/* Begin XCBuildConfiguration section */
		BCF3B16F1ED80F43003B6776 /* Debug */ = {
			isa = XCBuildConfiguration;
			buildSettings = {
				ALWAYS_SEARCH_USER_PATHS = NO;
				CLANG_ANALYZER_NONNULL = YES;
				CLANG_ANALYZER_NUMBER_OBJECT_CONVERSION = YES_AGGRESSIVE;
				CLANG_CXX_LANGUAGE_STANDARD = "gnu++0x";
				CLANG_CXX_LIBRARY = "libc++";
				CLANG_ENABLE_MODULES = YES;
				CLANG_ENABLE_OBJC_ARC = YES;
				CLANG_WARN_BOOL_CONVERSION = YES;
				CLANG_WARN_CONSTANT_CONVERSION = YES;
				CLANG_WARN_DIRECT_OBJC_ISA_USAGE = YES_ERROR;
				CLANG_WARN_DOCUMENTATION_COMMENTS = YES;
				CLANG_WARN_EMPTY_BODY = YES;
				CLANG_WARN_ENUM_CONVERSION = YES;
				CLANG_WARN_INFINITE_RECURSION = YES;
				CLANG_WARN_INT_CONVERSION = YES;
				CLANG_WARN_OBJC_ROOT_CLASS = YES_ERROR;
				CLANG_WARN_SUSPICIOUS_MOVE = YES;
				CLANG_WARN_UNREACHABLE_CODE = YES;
				CLANG_WARN__DUPLICATE_METHOD_MATCH = YES;
				"CODE_SIGN_IDENTITY[sdk=iphoneos*]" = "iPhone Developer";
				COPY_PHASE_STRIP = NO;
				DEBUG_INFORMATION_FORMAT = dwarf;
				ENABLE_STRICT_OBJC_MSGSEND = YES;
				ENABLE_TESTABILITY = YES;
				GCC_C_LANGUAGE_STANDARD = gnu99;
				GCC_DYNAMIC_NO_PIC = NO;
				GCC_NO_COMMON_BLOCKS = YES;
				GCC_OPTIMIZATION_LEVEL = 0;
				GCC_PREPROCESSOR_DEFINITIONS = (
					"DEBUG=1",
					"$(inherited)",
				);
				GCC_WARN_64_TO_32_BIT_CONVERSION = YES;
				GCC_WARN_ABOUT_RETURN_TYPE = YES_ERROR;
				GCC_WARN_UNDECLARED_SELECTOR = YES;
				GCC_WARN_UNINITIALIZED_AUTOS = YES_AGGRESSIVE;
				GCC_WARN_UNUSED_FUNCTION = YES;
				GCC_WARN_UNUSED_VARIABLE = YES;
				IPHONEOS_DEPLOYMENT_TARGET = 8.0;
				MTL_ENABLE_DEBUG_INFO = YES;
				ONLY_ACTIVE_ARCH = YES;
				SDKROOT = iphoneos;
				SWIFT_ACTIVE_COMPILATION_CONDITIONS = DEBUG;
				SWIFT_OPTIMIZATION_LEVEL = "-Onone";
			};
			name = Debug;
		};
		BCF3B1701ED80F43003B6776 /* Release */ = {
			isa = XCBuildConfiguration;
			buildSettings = {
				ALWAYS_SEARCH_USER_PATHS = NO;
				CLANG_ANALYZER_NONNULL = YES;
				CLANG_ANALYZER_NUMBER_OBJECT_CONVERSION = YES_AGGRESSIVE;
				CLANG_CXX_LANGUAGE_STANDARD = "gnu++0x";
				CLANG_CXX_LIBRARY = "libc++";
				CLANG_ENABLE_MODULES = YES;
				CLANG_ENABLE_OBJC_ARC = YES;
				CLANG_WARN_BOOL_CONVERSION = YES;
				CLANG_WARN_CONSTANT_CONVERSION = YES;
				CLANG_WARN_DIRECT_OBJC_ISA_USAGE = YES_ERROR;
				CLANG_WARN_DOCUMENTATION_COMMENTS = YES;
				CLANG_WARN_EMPTY_BODY = YES;
				CLANG_WARN_ENUM_CONVERSION = YES;
				CLANG_WARN_INFINITE_RECURSION = YES;
				CLANG_WARN_INT_CONVERSION = YES;
				CLANG_WARN_OBJC_ROOT_CLASS = YES_ERROR;
				CLANG_WARN_SUSPICIOUS_MOVE = YES;
				CLANG_WARN_UNREACHABLE_CODE = YES;
				CLANG_WARN__DUPLICATE_METHOD_MATCH = YES;
				"CODE_SIGN_IDENTITY[sdk=iphoneos*]" = "iPhone Developer";
				COPY_PHASE_STRIP = NO;
				DEBUG_INFORMATION_FORMAT = "dwarf-with-dsym";
				ENABLE_NS_ASSERTIONS = NO;
				ENABLE_STRICT_OBJC_MSGSEND = YES;
				GCC_C_LANGUAGE_STANDARD = gnu99;
				GCC_NO_COMMON_BLOCKS = YES;
				GCC_WARN_64_TO_32_BIT_CONVERSION = YES;
				GCC_WARN_ABOUT_RETURN_TYPE = YES_ERROR;
				GCC_WARN_UNDECLARED_SELECTOR = YES;
				GCC_WARN_UNINITIALIZED_AUTOS = YES_AGGRESSIVE;
				GCC_WARN_UNUSED_FUNCTION = YES;
				GCC_WARN_UNUSED_VARIABLE = YES;
				IPHONEOS_DEPLOYMENT_TARGET = 8.0;
				MTL_ENABLE_DEBUG_INFO = NO;
				SDKROOT = iphoneos;
				SWIFT_OPTIMIZATION_LEVEL = "-Owholemodule";
				VALIDATE_PRODUCT = YES;
			};
			name = Release;
		};
		BCF3B1721ED80F43003B6776 /* Debug */ = {
			isa = XCBuildConfiguration;
			baseConfigurationReference = 7AF574965AC47CE454C2310A /* Pods-TodayNews.debug.xcconfig */;
			buildSettings = {
				ASSETCATALOG_COMPILER_APPICON_NAME = AppIcon;
				ASSETCATALOG_COMPILER_LAUNCHIMAGE_NAME = LaunchImage;
				DEVELOPMENT_TEAM = 9FA65VMFDP;
				INFOPLIST_FILE = TodayNews/Info.plist;
				IPHONEOS_DEPLOYMENT_TARGET = 8.0;
				LD_RUNPATH_SEARCH_PATHS = "$(inherited) @executable_path/Frameworks";
				PRODUCT_BUNDLE_IDENTIFIER = com.xiaoyun.TodayNews;
				PRODUCT_NAME = "$(TARGET_NAME)";
				SWIFT_VERSION = 3.0;
			};
			name = Debug;
		};
		BCF3B1731ED80F43003B6776 /* Release */ = {
			isa = XCBuildConfiguration;
			baseConfigurationReference = 7B0C15DF312DDAB0C68F1E97 /* Pods-TodayNews.release.xcconfig */;
			buildSettings = {
				ASSETCATALOG_COMPILER_APPICON_NAME = AppIcon;
				ASSETCATALOG_COMPILER_LAUNCHIMAGE_NAME = LaunchImage;
				DEVELOPMENT_TEAM = 9FA65VMFDP;
				INFOPLIST_FILE = TodayNews/Info.plist;
				IPHONEOS_DEPLOYMENT_TARGET = 8.0;
				LD_RUNPATH_SEARCH_PATHS = "$(inherited) @executable_path/Frameworks";
				PRODUCT_BUNDLE_IDENTIFIER = com.xiaoyun.TodayNews;
				PRODUCT_NAME = "$(TARGET_NAME)";
				SWIFT_VERSION = 3.0;
			};
			name = Release;
		};
/* End XCBuildConfiguration section */

/* Begin XCConfigurationList section */
		BCF3B15A1ED80F43003B6776 /* Build configuration list for PBXProject "TodayNews" */ = {
			isa = XCConfigurationList;
			buildConfigurations = (
				BCF3B16F1ED80F43003B6776 /* Debug */,
				BCF3B1701ED80F43003B6776 /* Release */,
			);
			defaultConfigurationIsVisible = 0;
			defaultConfigurationName = Release;
		};
		BCF3B1711ED80F43003B6776 /* Build configuration list for PBXNativeTarget "TodayNews" */ = {
			isa = XCConfigurationList;
			buildConfigurations = (
				BCF3B1721ED80F43003B6776 /* Debug */,
				BCF3B1731ED80F43003B6776 /* Release */,
			);
			defaultConfigurationIsVisible = 0;
			defaultConfigurationName = Release;
		};
/* End XCConfigurationList section */
	};
	rootObject = BCF3B1571ED80F43003B6776 /* Project object */;
}
