// !$*UTF8*$!
{
	archiveVersion = 1;
	classes = {
	};
	objectVersion = 46;
	objects = {

/* Begin PBXBuildFile section */
		BCF3B1631ED80F43003B6776 /* AppDelegate.swift in Sources */ = {isa = PBXBuildFile; fileRef = BCF3B1621ED80F43003B6776 /* AppDelegate.swift */; };
		BCF3B1801ED81429003B6776 /* Assets.xcassets in Resources */ = {isa = PBXBuildFile; fileRef = BCF3B17E1ED81429003B6776 /* Assets.xcassets */; };
		BCF3B1811ED81429003B6776 /* Info.plist in Resources */ = {isa = PBXBuildFile; fileRef = BCF3B17F1ED81429003B6776 /* Info.plist */; };
/* End PBXBuildFile section */

/* Begin PBXFileReference section */
		BCF3B15F1ED80F43003B6776 /* TodayNews.app */ = {isa = PBXFileReference; explicitFileType = wrapper.application; includeInIndex = 0; path = TodayNews.app; sourceTree = BUILT_PRODUCTS_DIR; };
		BCF3B1621ED80F43003B6776 /* AppDelegate.swift */ = {isa = PBXFileReference; lastKnownFileType = sourcecode.swift; path = AppDelegate.swift; sourceTree = "<group>"; };
		BCF3B17E1ED81429003B6776 /* Assets.xcassets */ = {isa = PBXFileReference; lastKnownFileType = folder.assetcatalog; path = Assets.xcassets; sourceTree = "<group>"; };
		BCF3B17F1ED81429003B6776 /* Info.plist */ = {isa = PBXFileReference; fileEncoding = 4; lastKnownFileType = text.plist.xml; path = Info.plist; sourceTree = "<group>"; };
/* End PBXFileReference section */

/* Begin PBXFrameworksBuildPhase section */
		BCF3B15C1ED80F43003B6776 /* Frameworks */ = {
			isa = PBXFrameworksBuildPhase;
			buildActionMask = 2147483647;
			files = (
			);
			runOnlyForDeploymentPostprocessing = 0;
		};
/* End PBXFrameworksBuildPhase section */

/* Begin PBXGroup section */
		BCF3B1561ED80F43003B6776 = {
			isa = PBXGroup;
			children = (
				BCF3B1611ED80F43003B6776 /* TodayNews */,
				BCF3B1601ED80F43003B6776 /* Products */,
			);
			sourceTree = "<group>";
		};
		BCF3B1601ED80F43003B6776 /* Products */ = {
			isa = PBXGroup;
			children = (
				BCF3B15F1ED80F43003B6776 /* TodayNews.app */,
			);
			name = Products;
			sourceTree = "<group>";
		};
		BCF3B1611ED80F43003B6776 /* TodayNews */ = {
			isa = PBXGroup;
			children = (
				BCF3B1751ED810A9003B6776 /* src */,
				BCF3B1741ED810A9003B6776 /* other */,
				BCF3B1761ED810C5003B6776 /* config */,
				BCF3B1621ED80F43003B6776 /* AppDelegate.swift */,
			);
			path = TodayNews;
			sourceTree = "<group>";
		};
		BCF3B1741ED810A9003B6776 /* other */ = {
			isa = PBXGroup;
			children = (
			);
			path = other;
			sourceTree = "<group>";
		};
		BCF3B1751ED810A9003B6776 /* src */ = {
			isa = PBXGroup;
			children = (
				BCF3B1771ED813C1003B6776 /* base */,
				BCF3B1781ED813C1003B6776 /* data */,
				BCF3B1791ED813C1003B6776 /* Home */,
				BCF3B17A1ED813C1003B6776 /* Login-Register */,
				BCF3B17B1ED813C1003B6776 /* Mine */,
				BCF3B17C1ED813C1003B6776 /* tool */,
				BCF3B17D1ED813C1003B6776 /* Video */,
			);
			path = src;
			sourceTree = "<group>";
		};
		BCF3B1761ED810C5003B6776 /* config */ = {
			isa = PBXGroup;
			children = (
				BCF3B17E1ED81429003B6776 /* Assets.xcassets */,
				BCF3B17F1ED81429003B6776 /* Info.plist */,
			);
			path = config;
			sourceTree = "<group>";
		};
		BCF3B1771ED813C1003B6776 /* base */ = {
			isa = PBXGroup;
			children = (
			);
			path = base;
			sourceTree = "<group>";
		};
		BCF3B1781ED813C1003B6776 /* data */ = {
			isa = PBXGroup;
			children = (
			);
			path = data;
			sourceTree = "<group>";
		};
		BCF3B1791ED813C1003B6776 /* Home */ = {
			isa = PBXGroup;
			children = (
			);
			path = Home;
			sourceTree = "<group>";
		};
		BCF3B17A1ED813C1003B6776 /* Login-Register */ = {
			isa = PBXGroup;
			children = (
			);
			path = "Login-Register";
			sourceTree = "<group>";
		};
		BCF3B17B1ED813C1003B6776 /* Mine */ = {
			isa = PBXGroup;
			children = (
			);
			path = Mine;
			sourceTree = "<group>";
		};
		BCF3B17C1ED813C1003B6776 /* tool */ = {
			isa = PBXGroup;
			children = (
			);
			path = tool;
			sourceTree = "<group>";
		};
		BCF3B17D1ED813C1003B6776 /* Video */ = {
			isa = PBXGroup;
			children = (
			);
			path = Video;
			sourceTree = "<group>";
		};
/* End PBXGroup section */

/* Begin PBXNativeTarget section */
		BCF3B15E1ED80F43003B6776 /* TodayNews */ = {
			isa = PBXNativeTarget;
			buildConfigurationList = BCF3B1711ED80F43003B6776 /* Build configuration list for PBXNativeTarget "TodayNews" */;
			buildPhases = (
				BCF3B15B1ED80F43003B6776 /* Sources */,
				BCF3B15C1ED80F43003B6776 /* Frameworks */,
				BCF3B15D1ED80F43003B6776 /* Resources */,
			);
			buildRules = (
			);
			dependencies = (
			);
			name = TodayNews;
			productName = TodayNews;
			productReference = BCF3B15F1ED80F43003B6776 /* TodayNews.app */;
			productType = "com.apple.product-type.application";
		};
/* End PBXNativeTarget section */

/* Begin PBXProject section */
		BCF3B1571ED80F43003B6776 /* Project object */ = {
			isa = PBXProject;
			attributes = {
				LastSwiftUpdateCheck = 0830;
				LastUpgradeCheck = 0830;
				ORGANIZATIONNAME = yangxutao;
				TargetAttributes = {
					BCF3B15E1ED80F43003B6776 = {
						CreatedOnToolsVersion = 8.3.2;
						DevelopmentTeam = 9FA65VMFDP;
						ProvisioningStyle = Automatic;
					};
				};
			};
			buildConfigurationList = BCF3B15A1ED80F43003B6776 /* Build configuration list for PBXProject "TodayNews" */;
			compatibilityVersion = "Xcode 3.2";
			developmentRegion = English;
			hasScannedForEncodings = 0;
			knownRegions = (
				en,
				Base,
			);
			mainGroup = BCF3B1561ED80F43003B6776;
			productRefGroup = BCF3B1601ED80F43003B6776 /* Products */;
			projectDirPath = "";
			projectRoot = "";
			targets = (
				BCF3B15E1ED80F43003B6776 /* TodayNews */,
			);
		};
/* End PBXProject section */

/* Begin PBXResourcesBuildPhase section */
		BCF3B15D1ED80F43003B6776 /* Resources */ = {
			isa = PBXResourcesBuildPhase;
			buildActionMask = 2147483647;
			files = (
				BCF3B1811ED81429003B6776 /* Info.plist in Resources */,
				BCF3B1801ED81429003B6776 /* Assets.xcassets in Resources */,
			);
			runOnlyForDeploymentPostprocessing = 0;
		};
/* End PBXResourcesBuildPhase section */

/* Begin PBXSourcesBuildPhase section */
		BCF3B15B1ED80F43003B6776 /* Sources */ = {
			isa = PBXSourcesBuildPhase;
			buildActionMask = 2147483647;
			files = (
				BCF3B1631ED80F43003B6776 /* AppDelegate.swift in Sources */,
			);
			runOnlyForDeploymentPostprocessing = 0;
		};
/* End PBXSourcesBuildPhase section */

/* Begin XCBuildConfiguration section */
		BCF3B16F1ED80F43003B6776 /* Debug */ = {
			isa = XCBuildConfiguration;
			buildSettings = {
				ALWAYS_SEARCH_USER_PATHS = NO;
				CLANG_ANALYZER_NONNULL = YES;
				CLANG_ANALYZER_NUMBER_OBJECT_CONVERSION = YES_AGGRESSIVE;
				CLANG_CXX_LANGUAGE_STANDARD = "gnu++0x";
				CLANG_CXX_LIBRARY = "libc++";
				CLANG_ENABLE_MODULES = YES;
				CLANG_ENABLE_OBJC_ARC = YES;
				CLANG_WARN_BOOL_CONVERSION = YES;
				CLANG_WARN_CONSTANT_CONVERSION = YES;
				CLANG_WARN_DIRECT_OBJC_ISA_USAGE = YES_ERROR;
				CLANG_WARN_DOCUMENTATION_COMMENTS = YES;
				CLANG_WARN_EMPTY_BODY = YES;
				CLANG_WARN_ENUM_CONVERSION = YES;
				CLANG_WARN_INFINITE_RECURSION = YES;
				CLANG_WARN_INT_CONVERSION = YES;
				CLANG_WARN_OBJC_ROOT_CLASS = YES_ERROR;
				CLANG_WARN_SUSPICIOUS_MOVE = YES;
				CLANG_WARN_UNREACHABLE_CODE = YES;
				CLANG_WARN__DUPLICATE_METHOD_MATCH = YES;
				"CODE_SIGN_IDENTITY[sdk=iphoneos*]" = "iPhone Developer";
				COPY_PHASE_STRIP = NO;
				DEBUG_INFORMATION_FORMAT = dwarf;
				ENABLE_STRICT_OBJC_MSGSEND = YES;
				ENABLE_TESTABILITY = YES;
				GCC_C_LANGUAGE_STANDARD = gnu99;
				GCC_DYNAMIC_NO_PIC = NO;
				GCC_NO_COMMON_BLOCKS = YES;
				GCC_OPTIMIZATION_LEVEL = 0;
				GCC_PREPROCESSOR_DEFINITIONS = (
					"DEBUG=1",
					"$(inherited)",
				);
				GCC_WARN_64_TO_32_BIT_CONVERSION = YES;
				GCC_WARN_ABOUT_RETURN_TYPE = YES_ERROR;
				GCC_WARN_UNDECLARED_SELECTOR = YES;
				GCC_WARN_UNINITIALIZED_AUTOS = YES_AGGRESSIVE;
				GCC_WARN_UNUSED_FUNCTION = YES;
				GCC_WARN_UNUSED_VARIABLE = YES;
				IPHONEOS_DEPLOYMENT_TARGET = 8.0;
				MTL_ENABLE_DEBUG_INFO = YES;
				ONLY_ACTIVE_ARCH = YES;
				SDKROOT = iphoneos;
				SWIFT_ACTIVE_COMPILATION_CONDITIONS = DEBUG;
				SWIFT_OPTIMIZATION_LEVEL = "-Onone";
			};
			name = Debug;
		};
		BCF3B1701ED80F43003B6776 /* Release */ = {
			isa = XCBuildConfiguration;
			buildSettings = {
				ALWAYS_SEARCH_USER_PATHS = NO;
				CLANG_ANALYZER_NONNULL = YES;
				CLANG_ANALYZER_NUMBER_OBJECT_CONVERSION = YES_AGGRESSIVE;
				CLANG_CXX_LANGUAGE_STANDARD = "gnu++0x";
				CLANG_CXX_LIBRARY = "libc++";
				CLANG_ENABLE_MODULES = YES;
				CLANG_ENABLE_OBJC_ARC = YES;
				CLANG_WARN_BOOL_CONVERSION = YES;
				CLANG_WARN_CONSTANT_CONVERSION = YES;
				CLANG_WARN_DIRECT_OBJC_ISA_USAGE = YES_ERROR;
				CLANG_WARN_DOCUMENTATION_COMMENTS = YES;
				CLANG_WARN_EMPTY_BODY = YES;
				CLANG_WARN_ENUM_CONVERSION = YES;
				CLANG_WARN_INFINITE_RECURSION = YES;
				CLANG_WARN_INT_CONVERSION = YES;
				CLANG_WARN_OBJC_ROOT_CLASS = YES_ERROR;
				CLANG_WARN_SUSPICIOUS_MOVE = YES;
				CLANG_WARN_UNREACHABLE_CODE = YES;
				CLANG_WARN__DUPLICATE_METHOD_MATCH = YES;
				"CODE_SIGN_IDENTITY[sdk=iphoneos*]" = "iPhone Developer";
				COPY_PHASE_STRIP = NO;
				DEBUG_INFORMATION_FORMAT = "dwarf-with-dsym";
				ENABLE_NS_ASSERTIONS = NO;
				ENABLE_STRICT_OBJC_MSGSEND = YES;
				GCC_C_LANGUAGE_STANDARD = gnu99;
				GCC_NO_COMMON_BLOCKS = YES;
				GCC_WARN_64_TO_32_BIT_CONVERSION = YES;
				GCC_WARN_ABOUT_RETURN_TYPE = YES_ERROR;
				GCC_WARN_UNDECLARED_SELECTOR = YES;
				GCC_WARN_UNINITIALIZED_AUTOS = YES_AGGRESSIVE;
				GCC_WARN_UNUSED_FUNCTION = YES;
				GCC_WARN_UNUSED_VARIABLE = YES;
				IPHONEOS_DEPLOYMENT_TARGET = 8.0;
				MTL_ENABLE_DEBUG_INFO = NO;
				SDKROOT = iphoneos;
				SWIFT_OPTIMIZATION_LEVEL = "-Owholemodule";
				VALIDATE_PRODUCT = YES;
			};
			name = Release;
		};
		BCF3B1721ED80F43003B6776 /* Debug */ = {
			isa = XCBuildConfiguration;
			buildSettings = {
				ASSETCATALOG_COMPILER_APPICON_NAME = AppIcon;
				ASSETCATALOG_COMPILER_LAUNCHIMAGE_NAME = LaunchImage;
				DEVELOPMENT_TEAM = 9FA65VMFDP;
				INFOPLIST_FILE = TodayNews/Info.plist;
				IPHONEOS_DEPLOYMENT_TARGET = 8.0;
				LD_RUNPATH_SEARCH_PATHS = "$(inherited) @executable_path/Frameworks";
				PRODUCT_BUNDLE_IDENTIFIER = com.xiaoyun.TodayNews;
				PRODUCT_NAME = "$(TARGET_NAME)";
				SWIFT_VERSION = 3.0;
			};
			name = Debug;
		};
		BCF3B1731ED80F43003B6776 /* Release */ = {
			isa = XCBuildConfiguration;
			buildSettings = {
				ASSETCATALOG_COMPILER_APPICON_NAME = AppIcon;
				ASSETCATALOG_COMPILER_LAUNCHIMAGE_NAME = LaunchImage;
				DEVELOPMENT_TEAM = 9FA65VMFDP;
				INFOPLIST_FILE = TodayNews/Info.plist;
				IPHONEOS_DEPLOYMENT_TARGET = 8.0;
				LD_RUNPATH_SEARCH_PATHS = "$(inherited) @executable_path/Frameworks";
				PRODUCT_BUNDLE_IDENTIFIER = com.xiaoyun.TodayNews;
				PRODUCT_NAME = "$(TARGET_NAME)";
				SWIFT_VERSION = 3.0;
			};
			name = Release;
		};
/* End XCBuildConfiguration section */

/* Begin XCConfigurationList section */
		BCF3B15A1ED80F43003B6776 /* Build configuration list for PBXProject "TodayNews" */ = {
			isa = XCConfigurationList;
			buildConfigurations = (
				BCF3B16F1ED80F43003B6776 /* Debug */,
				BCF3B1701ED80F43003B6776 /* Release */,
			);
			defaultConfigurationIsVisible = 0;
			defaultConfigurationName = Release;
		};
		BCF3B1711ED80F43003B6776 /* Build configuration list for PBXNativeTarget "TodayNews" */ = {
			isa = XCConfigurationList;
			buildConfigurations = (
				BCF3B1721ED80F43003B6776 /* Debug */,
				BCF3B1731ED80F43003B6776 /* Release */,
			);
			defaultConfigurationIsVisible = 0;
		};
/* End XCConfigurationList section */
	};
	rootObject = BCF3B1571ED80F43003B6776 /* Project object */;
}
